// !$*UTF8*$!
{
	archiveVersion = 1;
	classes = {
	};
	objectVersion = 77;
	objects = {

/* Begin PBXBuildFile section */
		11A567F4770157D5FCC99E55 /* ArticleGeneratorTests.swift in Sources */ = {isa = PBXBuildFile; fileRef = C3878B02078DF2B85F4DF2D9 /* ArticleGeneratorTests.swift */; };
		156A8D4DD535DAC789FED3E4 /* WordTranslatorServiceTests.swift in Sources */ = {isa = PBXBuildFile; fileRef = 4E3BF15991BBF4F61DCFAD7B /* WordTranslatorServiceTests.swift */; };
		1921076B638B9904229A7854 /* ArticleGenerator.swift in Sources */ = {isa = PBXBuildFile; fileRef = 2A969EF4CF9F34DF79F0DBCE /* ArticleGenerator.swift */; };
		1E0D8C0FB474C974937500BC /* WordDetailSheet.swift in Sources */ = {isa = PBXBuildFile; fileRef = 568859BABA2A87F3AFF4C8A6 /* WordDetailSheet.swift */; };
		20643C2F7760355981781BD2 /* KeychainTests.swift in Sources */ = {isa = PBXBuildFile; fileRef = 5E0F2FED1161653A784E1F40 /* KeychainTests.swift */; };
		295797B43118633453F26F3B /* VocabWord.swift in Sources */ = {isa = PBXBuildFile; fileRef = 21AE130B2D4550AC2713076C /* VocabWord.swift */; };
		2AF9468B766CD79D844AF36B /* SettingsConnectionDiagnosticsViewModelTests.swift in Sources */ = {isa = PBXBuildFile; fileRef = 6FC2FEAB40AEFE0BDE0EDB1A /* SettingsConnectionDiagnosticsViewModelTests.swift */; };
		3F7BEFBEDADCEA922BA72B70 /* LLMService.swift in Sources */ = {isa = PBXBuildFile; fileRef = 94ED66C0F0A28E8AA7897EB5 /* LLMService.swift */; };
		46243450696032F95CEA4D20 /* ArticleContentFormatter.swift in Sources */ = {isa = PBXBuildFile; fileRef = A964BA530B029EA157AB1895 /* ArticleContentFormatter.swift */; };
		491E1342453B5EDE127ED418 /* LLMServiceTests.swift in Sources */ = {isa = PBXBuildFile; fileRef = 1CC5EDAB16536B3B98C654B8 /* LLMServiceTests.swift */; };
		5A69DA62E9201DEF887E2A2E /* SettingsConnectionDiagnosticsViewModel.swift in Sources */ = {isa = PBXBuildFile; fileRef = A0129CFFC79F4A6E37B7183F /* SettingsConnectionDiagnosticsViewModel.swift */; };
		5FD3BB7EB021AB0B931D930D /* TodayView.swift in Sources */ = {isa = PBXBuildFile; fileRef = CD3BF88515056AC1748C7C8A /* TodayView.swift */; };
		635D248280E20E694911A6D1 /* SettingsView.swift in Sources */ = {isa = PBXBuildFile; fileRef = 2F8318C69E4611AE56E8D475 /* SettingsView.swift */; };
		666A31B57F68FBF88C2BAF79 /* SettingsDraft.swift in Sources */ = {isa = PBXBuildFile; fileRef = EC5661239146076B6B01D7B3 /* SettingsDraft.swift */; };
		6E611A2EEDAD1B43B223D2EC /* ArticleParagraphTranslationViewModel.swift in Sources */ = {isa = PBXBuildFile; fileRef = 2CE7D522F15A571552B153ED /* ArticleParagraphTranslationViewModel.swift */; };
		732738859AD1CDF15BD4F224 /* ArticleParagraphExtractor.swift in Sources */ = {isa = PBXBuildFile; fileRef = 9ED003D2D18121638D154EF1 /* ArticleParagraphExtractor.swift */; };
		817CA7E106A09CF25D230E40 /* WordTranslatorService.swift in Sources */ = {isa = PBXBuildFile; fileRef = 51D08F2F145DA5E41D0E90A7 /* WordTranslatorService.swift */; };
		8710CDFEAD016D806812BDBB /* VocabReaderTests.swift in Sources */ = {isa = PBXBuildFile; fileRef = 0135BEC1FC11DD7D6E988848 /* VocabReaderTests.swift */; };
		87407CA53793046DB2BAD28D /* VocabReaderApp.swift in Sources */ = {isa = PBXBuildFile; fileRef = CB19BA7AB5BAB76CBC126E65 /* VocabReaderApp.swift */; };
		908CFE01C97DBB74BB4A0C1C /* MaiMemoServiceTests.swift in Sources */ = {isa = PBXBuildFile; fileRef = D8C49615EB8764097A4BD3C1 /* MaiMemoServiceTests.swift */; };
		92B93CCEE651897D214D56E0 /* ArticleParagraph.swift in Sources */ = {isa = PBXBuildFile; fileRef = 14A01C3E340AF195D685C2EC /* ArticleParagraph.swift */; };
		A18D9BF0E481B1B99FDEA59E /* ArticleReaderView.swift in Sources */ = {isa = PBXBuildFile; fileRef = 8E71407948724FBACAC34100 /* ArticleReaderView.swift */; };
		A3A00FF4889AB6F61E73CA99 /* WordDetailViewModel.swift in Sources */ = {isa = PBXBuildFile; fileRef = 45C27C4F167C495819C060DE /* WordDetailViewModel.swift */; };
		A5F3EDF1B78219F2872F0994 /* ArticleGenerationSettings.swift in Sources */ = {isa = PBXBuildFile; fileRef = 5D86451E0498C344050332AE /* ArticleGenerationSettings.swift */; };
		C1C62EECC0486B33BAE72404 /* ArticleScene.swift in Sources */ = {isa = PBXBuildFile; fileRef = 953ED79C948B09D4A7938718 /* ArticleScene.swift */; };
		CA57B60AC6AE6D2E03347DFA /* Article.swift in Sources */ = {isa = PBXBuildFile; fileRef = 588DF7FC3C78B7F1F47A0763 /* Article.swift */; };
		CBD6EE9FD251D62DF0701955 /* SettingsStoreTests.swift in Sources */ = {isa = PBXBuildFile; fileRef = 3BDCC899222CE285D08267AB /* SettingsStoreTests.swift */; };
		CDEA6407F6F1FDD9D16D6768 /* ArticleCardView.swift in Sources */ = {isa = PBXBuildFile; fileRef = 4F0DE6EC868502C68C49A0BB /* ArticleCardView.swift */; };
		CF4368AB2851A54530C891AD /* WordDetailViewModelTests.swift in Sources */ = {isa = PBXBuildFile; fileRef = DE633BEFBE242598FEDA476F /* WordDetailViewModelTests.swift */; };
		D0813E7511E3D98BC2F54059 /* ArticleTopic.swift in Sources */ = {isa = PBXBuildFile; fileRef = 65DA331F15AF3AA8461A53A3 /* ArticleTopic.swift */; };
		D5B6AAA6FB2068DA9C581027 /* ArticleParagraphTranslationViewModelTests.swift in Sources */ = {isa = PBXBuildFile; fileRef = A19FD551698D34EF3AF0F995 /* ArticleParagraphTranslationViewModelTests.swift */; };
		E04F87C91A5DEDB2F4EB93D9 /* SettingsStore.swift in Sources */ = {isa = PBXBuildFile; fileRef = 975EB56D65816D3BAEA72FF7 /* SettingsStore.swift */; };
		E98AF08372776E0AF462D608 /* Keychain.swift in Sources */ = {isa = PBXBuildFile; fileRef = 321F8F98C5E25C5CA0D4E8CF /* Keychain.swift */; };
		FBA4D211A8C4ADA9DD6D7DB6 /* TodayViewModelTests.swift in Sources */ = {isa = PBXBuildFile; fileRef = 78E5FEC4B037D8B7C558F85C /* TodayViewModelTests.swift */; };
		FFF573B0D331AF4157990E85 /* MaiMemoService.swift in Sources */ = {isa = PBXBuildFile; fileRef = BD124C687676564664A87744 /* MaiMemoService.swift */; };
		B1A2C3D4E5F60718A9B0C1D2 /* ReadingTheme.swift in Sources */ = {isa = PBXBuildFile; fileRef = D2C1B0A9180706F5E4D3C2A1 /* ReadingTheme.swift */; };
		A2B3C4D5E6F70819BAC1D2E3 /* Assets.xcassets in Resources */ = {isa = PBXBuildFile; fileRef = F1E2D3C4B5A60798A9B0C1D2 /* Assets.xcassets */; };
/* End PBXBuildFile section */

/* Begin PBXContainerItemProxy section */
		39E20A1EAE6E0C72263BBFF6 /* PBXContainerItemProxy */ = {
			isa = PBXContainerItemProxy;
			containerPortal = 8BBABCE8EBD436DC3308A6BA /* Project object */;
			proxyType = 1;
			remoteGlobalIDString = 0DA60D5534878D301A3C557A;
			remoteInfo = VocabReader;
		};
/* End PBXContainerItemProxy section */

/* Begin PBXFileReference section */
		0135BEC1FC11DD7D6E988848 /* VocabReaderTests.swift */ = {isa = PBXFileReference; lastKnownFileType = sourcecode.swift; path = VocabReaderTests.swift; sourceTree = "<group>"; };
		14A01C3E340AF195D685C2EC /* ArticleParagraph.swift */ = {isa = PBXFileReference; lastKnownFileType = sourcecode.swift; path = ArticleParagraph.swift; sourceTree = "<group>"; };
		1CC5EDAB16536B3B98C654B8 /* LLMServiceTests.swift */ = {isa = PBXFileReference; lastKnownFileType = sourcecode.swift; path = LLMServiceTests.swift; sourceTree = "<group>"; };
		21AE130B2D4550AC2713076C /* VocabWord.swift */ = {isa = PBXFileReference; lastKnownFileType = sourcecode.swift; path = VocabWord.swift; sourceTree = "<group>"; };
		2A969EF4CF9F34DF79F0DBCE /* ArticleGenerator.swift */ = {isa = PBXFileReference; lastKnownFileType = sourcecode.swift; path = ArticleGenerator.swift; sourceTree = "<group>"; };
		2CE7D522F15A571552B153ED /* ArticleParagraphTranslationViewModel.swift */ = {isa = PBXFileReference; lastKnownFileType = sourcecode.swift; path = ArticleParagraphTranslationViewModel.swift; sourceTree = "<group>"; };
		2F40F523ECD3BD0C4005CE9E /* VocabReaderTests.xctest */ = {isa = PBXFileReference; includeInIndex = 0; lastKnownFileType = wrapper.cfbundle; path = VocabReaderTests.xctest; sourceTree = BUILT_PRODUCTS_DIR; };
		2F8318C69E4611AE56E8D475 /* SettingsView.swift */ = {isa = PBXFileReference; lastKnownFileType = sourcecode.swift; path = SettingsView.swift; sourceTree = "<group>"; };
		321F8F98C5E25C5CA0D4E8CF /* Keychain.swift */ = {isa = PBXFileReference; lastKnownFileType = sourcecode.swift; path = Keychain.swift; sourceTree = "<group>"; };
		3BDCC899222CE285D08267AB /* SettingsStoreTests.swift */ = {isa = PBXFileReference; lastKnownFileType = sourcecode.swift; path = SettingsStoreTests.swift; sourceTree = "<group>"; };
		45C27C4F167C495819C060DE /* WordDetailViewModel.swift */ = {isa = PBXFileReference; lastKnownFileType = sourcecode.swift; path = WordDetailViewModel.swift; sourceTree = "<group>"; };
		4E3BF15991BBF4F61DCFAD7B /* WordTranslatorServiceTests.swift */ = {isa = PBXFileReference; lastKnownFileType = sourcecode.swift; path = WordTranslatorServiceTests.swift; sourceTree = "<group>"; };
		4F0DE6EC868502C68C49A0BB /* ArticleCardView.swift */ = {isa = PBXFileReference; lastKnownFileType = sourcecode.swift; path = ArticleCardView.swift; sourceTree = "<group>"; };
		51D08F2F145DA5E41D0E90A7 /* WordTranslatorService.swift */ = {isa = PBXFileReference; lastKnownFileType = sourcecode.swift; path = WordTranslatorService.swift; sourceTree = "<group>"; };
		568859BABA2A87F3AFF4C8A6 /* WordDetailSheet.swift */ = {isa = PBXFileReference; lastKnownFileType = sourcecode.swift; path = WordDetailSheet.swift; sourceTree = "<group>"; };
		588DF7FC3C78B7F1F47A0763 /* Article.swift */ = {isa = PBXFileReference; lastKnownFileType = sourcecode.swift; path = Article.swift; sourceTree = "<group>"; };
		5D86451E0498C344050332AE /* ArticleGenerationSettings.swift */ = {isa = PBXFileReference; lastKnownFileType = sourcecode.swift; path = ArticleGenerationSettings.swift; sourceTree = "<group>"; };
		5E0F2FED1161653A784E1F40 /* KeychainTests.swift */ = {isa = PBXFileReference; lastKnownFileType = sourcecode.swift; path = KeychainTests.swift; sourceTree = "<group>"; };
		65DA331F15AF3AA8461A53A3 /* ArticleTopic.swift */ = {isa = PBXFileReference; lastKnownFileType = sourcecode.swift; path = ArticleTopic.swift; sourceTree = "<group>"; };
		6FC2FEAB40AEFE0BDE0EDB1A /* SettingsConnectionDiagnosticsViewModelTests.swift */ = {isa = PBXFileReference; lastKnownFileType = sourcecode.swift; path = SettingsConnectionDiagnosticsViewModelTests.swift; sourceTree = "<group>"; };
		78E5FEC4B037D8B7C558F85C /* TodayViewModelTests.swift */ = {isa = PBXFileReference; lastKnownFileType = sourcecode.swift; path = TodayViewModelTests.swift; sourceTree = "<group>"; };
		80917AFAE6D77CD66C0A04B1 /* Info.plist */ = {isa = PBXFileReference; lastKnownFileType = text.plist; path = Info.plist; sourceTree = "<group>"; };
		8E71407948724FBACAC34100 /* ArticleReaderView.swift */ = {isa = PBXFileReference; lastKnownFileType = sourcecode.swift; path = ArticleReaderView.swift; sourceTree = "<group>"; };
		94ED66C0F0A28E8AA7897EB5 /* LLMService.swift */ = {isa = PBXFileReference; lastKnownFileType = sourcecode.swift; path = LLMService.swift; sourceTree = "<group>"; };
		953ED79C948B09D4A7938718 /* ArticleScene.swift */ = {isa = PBXFileReference; lastKnownFileType = sourcecode.swift; path = ArticleScene.swift; sourceTree = "<group>"; };
		975EB56D65816D3BAEA72FF7 /* SettingsStore.swift */ = {isa = PBXFileReference; lastKnownFileType = sourcecode.swift; path = SettingsStore.swift; sourceTree = "<group>"; };
		98F939BADEF8F2F1F4E1D43B /* VocabReader.app */ = {isa = PBXFileReference; includeInIndex = 0; lastKnownFileType = wrapper.application; path = VocabReader.app; sourceTree = BUILT_PRODUCTS_DIR; };
		9ED003D2D18121638D154EF1 /* ArticleParagraphExtractor.swift */ = {isa = PBXFileReference; lastKnownFileType = sourcecode.swift; path = ArticleParagraphExtractor.swift; sourceTree = "<group>"; };
		A0129CFFC79F4A6E37B7183F /* SettingsConnectionDiagnosticsViewModel.swift */ = {isa = PBXFileReference; lastKnownFileType = sourcecode.swift; path = SettingsConnectionDiagnosticsViewModel.swift; sourceTree = "<group>"; };
		A19FD551698D34EF3AF0F995 /* ArticleParagraphTranslationViewModelTests.swift */ = {isa = PBXFileReference; lastKnownFileType = sourcecode.swift; path = ArticleParagraphTranslationViewModelTests.swift; sourceTree = "<group>"; };
		A964BA530B029EA157AB1895 /* ArticleContentFormatter.swift */ = {isa = PBXFileReference; lastKnownFileType = sourcecode.swift; path = ArticleContentFormatter.swift; sourceTree = "<group>"; };
		BD124C687676564664A87744 /* MaiMemoService.swift */ = {isa = PBXFileReference; lastKnownFileType = sourcecode.swift; path = MaiMemoService.swift; sourceTree = "<group>"; };
		C3878B02078DF2B85F4DF2D9 /* ArticleGeneratorTests.swift */ = {isa = PBXFileReference; lastKnownFileType = sourcecode.swift; path = ArticleGeneratorTests.swift; sourceTree = "<group>"; };
		CB19BA7AB5BAB76CBC126E65 /* VocabReaderApp.swift */ = {isa = PBXFileReference; lastKnownFileType = sourcecode.swift; path = VocabReaderApp.swift; sourceTree = "<group>"; };
		CD3BF88515056AC1748C7C8A /* TodayView.swift */ = {isa = PBXFileReference; lastKnownFileType = sourcecode.swift; path = TodayView.swift; sourceTree = "<group>"; };
		D8C49615EB8764097A4BD3C1 /* MaiMemoServiceTests.swift */ = {isa = PBXFileReference; lastKnownFileType = sourcecode.swift; path = MaiMemoServiceTests.swift; sourceTree = "<group>"; };
		DE633BEFBE242598FEDA476F /* WordDetailViewModelTests.swift */ = {isa = PBXFileReference; lastKnownFileType = sourcecode.swift; path = WordDetailViewModelTests.swift; sourceTree = "<group>"; };
		EC5661239146076B6B01D7B3 /* SettingsDraft.swift */ = {isa = PBXFileReference; lastKnownFileType = sourcecode.swift; path = SettingsDraft.swift; sourceTree = "<group>"; };
		D2C1B0A9180706F5E4D3C2A1 /* ReadingTheme.swift */ = {isa = PBXFileReference; lastKnownFileType = sourcecode.swift; path = ReadingTheme.swift; sourceTree = "<group>"; };
		F1E2D3C4B5A60798A9B0C1D2 /* Assets.xcassets */ = {isa = PBXFileReference; lastKnownFileType = folder.assetcatalog; path = Assets.xcassets; sourceTree = "<group>"; };
/* End PBXFileReference section */

/* Begin PBXGroup section */
		1C134DD9928DA49EDEDE1B14 /* ViewModels */ = {
			isa = PBXGroup;
			children = (
				2CE7D522F15A571552B153ED /* ArticleParagraphTranslationViewModel.swift */,
				A0129CFFC79F4A6E37B7183F /* SettingsConnectionDiagnosticsViewModel.swift */,
				45C27C4F167C495819C060DE /* WordDetailViewModel.swift */,
			);
			path = ViewModels;
			sourceTree = "<group>";
		};
		445AA8589BF1A1ADC900F0DF /* VocabReaderTests */ = {
			isa = PBXGroup;
			children = (
				C3878B02078DF2B85F4DF2D9 /* ArticleGeneratorTests.swift */,
				A19FD551698D34EF3AF0F995 /* ArticleParagraphTranslationViewModelTests.swift */,
				5E0F2FED1161653A784E1F40 /* KeychainTests.swift */,
				1CC5EDAB16536B3B98C654B8 /* LLMServiceTests.swift */,
				D8C49615EB8764097A4BD3C1 /* MaiMemoServiceTests.swift */,
				6FC2FEAB40AEFE0BDE0EDB1A /* SettingsConnectionDiagnosticsViewModelTests.swift */,
				3BDCC899222CE285D08267AB /* SettingsStoreTests.swift */,
				78E5FEC4B037D8B7C558F85C /* TodayViewModelTests.swift */,
				0135BEC1FC11DD7D6E988848 /* VocabReaderTests.swift */,
				DE633BEFBE242598FEDA476F /* WordDetailViewModelTests.swift */,
				4E3BF15991BBF4F61DCFAD7B /* WordTranslatorServiceTests.swift */,
			);
			path = VocabReaderTests;
			sourceTree = "<group>";
		};
		68AF1CB0CA60102CD19A28AA /* Models */ = {
			isa = PBXGroup;
			children = (
				588DF7FC3C78B7F1F47A0763 /* Article.swift */,
				5D86451E0498C344050332AE /* ArticleGenerationSettings.swift */,
				14A01C3E340AF195D685C2EC /* ArticleParagraph.swift */,
				953ED79C948B09D4A7938718 /* ArticleScene.swift */,
				65DA331F15AF3AA8461A53A3 /* ArticleTopic.swift */,
				EC5661239146076B6B01D7B3 /* SettingsDraft.swift */,
				21AE130B2D4550AC2713076C /* VocabWord.swift */,
			);
			path = Models;
			sourceTree = "<group>";
		};
		7DE562ABB13F09F47251E6B1 /* VocabReader */ = {
			isa = PBXGroup;
			children = (
				80917AFAE6D77CD66C0A04B1 /* Info.plist */,
				F1E2D3C4B5A60798A9B0C1D2 /* Assets.xcassets */,
				CB19BA7AB5BAB76CBC126E65 /* VocabReaderApp.swift */,
				68AF1CB0CA60102CD19A28AA /* Models */,
				822AD3700CE925B4246524D4 /* Services */,
				1C134DD9928DA49EDEDE1B14 /* ViewModels */,
				E2C791DD7DDC583689764E39 /* Views */,
			);
			path = VocabReader;
			sourceTree = "<group>";
		};
		822AD3700CE925B4246524D4 /* Services */ = {
			isa = PBXGroup;
			children = (
				A964BA530B029EA157AB1895 /* ArticleContentFormatter.swift */,
				2A969EF4CF9F34DF79F0DBCE /* ArticleGenerator.swift */,
				9ED003D2D18121638D154EF1 /* ArticleParagraphExtractor.swift */,
				321F8F98C5E25C5CA0D4E8CF /* Keychain.swift */,
				94ED66C0F0A28E8AA7897EB5 /* LLMService.swift */,
				BD124C687676564664A87744 /* MaiMemoService.swift */,
				975EB56D65816D3BAEA72FF7 /* SettingsStore.swift */,
				51D08F2F145DA5E41D0E90A7 /* WordTranslatorService.swift */,
			);
			path = Services;
			sourceTree = "<group>";
		};
		BA385CCEFD8F6F4D1D50801A = {
			isa = PBXGroup;
			children = (
				7DE562ABB13F09F47251E6B1 /* VocabReader */,
				445AA8589BF1A1ADC900F0DF /* VocabReaderTests */,
				C5502C5371FE7EF8F31C76EB /* Products */,
			);
			sourceTree = "<group>";
		};
		C5502C5371FE7EF8F31C76EB /* Products */ = {
			isa = PBXGroup;
			children = (
				98F939BADEF8F2F1F4E1D43B /* VocabReader.app */,
				2F40F523ECD3BD0C4005CE9E /* VocabReaderTests.xctest */,
			);
			name = Products;
			sourceTree = "<group>";
		};
		E2C791DD7DDC583689764E39 /* Views */ = {
			isa = PBXGroup;
			children = (
				4F0DE6EC868502C68C49A0BB /* ArticleCardView.swift */,
				8E71407948724FBACAC34100 /* ArticleReaderView.swift */,
				D2C1B0A9180706F5E4D3C2A1 /* ReadingTheme.swift */,
				2F8318C69E4611AE56E8D475 /* SettingsView.swift */,
				CD3BF88515056AC1748C7C8A /* TodayView.swift */,
				568859BABA2A87F3AFF4C8A6 /* WordDetailSheet.swift */,
			);
			path = Views;
			sourceTree = "<group>";
		};
/* End PBXGroup section */

/* Begin PBXNativeTarget section */
		0DA60D5534878D301A3C557A /* VocabReader */ = {
			isa = PBXNativeTarget;
			buildConfigurationList = F38AEF157689D026541018AE /* Build configuration list for PBXNativeTarget "VocabReader" */;
			buildPhases = (
				3A4F9F4C889946A19585DFE5 /* Sources */,
				C3D4E5F6A7B80910CBD2E3F4 /* Resources */,
			);
			buildRules = (
			);
			dependencies = (
			);
			name = VocabReader;
			packageProductDependencies = (
			);
			productName = VocabReader;
			productReference = 98F939BADEF8F2F1F4E1D43B /* VocabReader.app */;
			productType = "com.apple.product-type.application";
		};
		4586BDB89D4E158BA824055C /* VocabReaderTests */ = {
			isa = PBXNativeTarget;
			buildConfigurationList = 8DAB2780AAC224480E7B20B3 /* Build configuration list for PBXNativeTarget "VocabReaderTests" */;
			buildPhases = (
				7679BFBE6DAF4112D70F4BAD /* Sources */,
			);
			buildRules = (
			);
			dependencies = (
				46C62BB03E3CC0E8EEE8D97D /* PBXTargetDependency */,
			);
			name = VocabReaderTests;
			packageProductDependencies = (
			);
			productName = VocabReaderTests;
			productReference = 2F40F523ECD3BD0C4005CE9E /* VocabReaderTests.xctest */;
			productType = "com.apple.product-type.bundle.unit-test";
		};
/* End PBXNativeTarget section */

/* Begin PBXProject section */
		8BBABCE8EBD436DC3308A6BA /* Project object */ = {
			isa = PBXProject;
			attributes = {
				BuildIndependentTargetsInParallel = YES;
				LastUpgradeCheck = 1600;
				TargetAttributes = {
				};
			};
			buildConfigurationList = A741F5B788E878604BBEE071 /* Build configuration list for PBXProject "VocabReader" */;
			developmentRegion = en;
			hasScannedForEncodings = 0;
			knownRegions = (
				Base,
				en,
			);
			mainGroup = BA385CCEFD8F6F4D1D50801A;
			minimizedProjectReferenceProxies = 1;
			preferredProjectObjectVersion = 77;
			productRefGroup = C5502C5371FE7EF8F31C76EB /* Products */;
			projectDirPath = "";
			projectRoot = "";
			targets = (
				0DA60D5534878D301A3C557A /* VocabReader */,
				4586BDB89D4E158BA824055C /* VocabReaderTests */,
			);
		};
/* End PBXProject section */

/* Begin PBXResourcesBuildPhase section */
		C3D4E5F6A7B80910CBD2E3F4 /* Resources */ = {
			isa = PBXResourcesBuildPhase;
			buildActionMask = 2147483647;
			files = (
				A2B3C4D5E6F70819BAC1D2E3 /* Assets.xcassets in Resources */,
			);
			runOnlyForDeploymentPostprocessing = 0;
		};
/* End PBXResourcesBuildPhase section */

/* Begin PBXSourcesBuildPhase section */
		3A4F9F4C889946A19585DFE5 /* Sources */ = {
			isa = PBXSourcesBuildPhase;
			buildActionMask = 2147483647;
			files = (
				CA57B60AC6AE6D2E03347DFA /* Article.swift in Sources */,
				CDEA6407F6F1FDD9D16D6768 /* ArticleCardView.swift in Sources */,
				46243450696032F95CEA4D20 /* ArticleContentFormatter.swift in Sources */,
				A5F3EDF1B78219F2872F0994 /* ArticleGenerationSettings.swift in Sources */,
				1921076B638B9904229A7854 /* ArticleGenerator.swift in Sources */,
				92B93CCEE651897D214D56E0 /* ArticleParagraph.swift in Sources */,
				732738859AD1CDF15BD4F224 /* ArticleParagraphExtractor.swift in Sources */,
				6E611A2EEDAD1B43B223D2EC /* ArticleParagraphTranslationViewModel.swift in Sources */,
				A18D9BF0E481B1B99FDEA59E /* ArticleReaderView.swift in Sources */,
				C1C62EECC0486B33BAE72404 /* ArticleScene.swift in Sources */,
				D0813E7511E3D98BC2F54059 /* ArticleTopic.swift in Sources */,
				E98AF08372776E0AF462D608 /* Keychain.swift in Sources */,
				3F7BEFBEDADCEA922BA72B70 /* LLMService.swift in Sources */,
				FFF573B0D331AF4157990E85 /* MaiMemoService.swift in Sources */,
				5A69DA62E9201DEF887E2A2E /* SettingsConnectionDiagnosticsViewModel.swift in Sources */,
				666A31B57F68FBF88C2BAF79 /* SettingsDraft.swift in Sources */,
				E04F87C91A5DEDB2F4EB93D9 /* SettingsStore.swift in Sources */,
				B1A2C3D4E5F60718A9B0C1D2 /* ReadingTheme.swift in Sources */,
				635D248280E20E694911A6D1 /* SettingsView.swift in Sources */,
				5FD3BB7EB021AB0B931D930D /* TodayView.swift in Sources */,
				87407CA53793046DB2BAD28D /* VocabReaderApp.swift in Sources */,
				295797B43118633453F26F3B /* VocabWord.swift in Sources */,
				1E0D8C0FB474C974937500BC /* WordDetailSheet.swift in Sources */,
				A3A00FF4889AB6F61E73CA99 /* WordDetailViewModel.swift in Sources */,
				817CA7E106A09CF25D230E40 /* WordTranslatorService.swift in Sources */,
			);
			runOnlyForDeploymentPostprocessing = 0;
		};
		7679BFBE6DAF4112D70F4BAD /* Sources */ = {
			isa = PBXSourcesBuildPhase;
			buildActionMask = 2147483647;
			files = (
				11A567F4770157D5FCC99E55 /* ArticleGeneratorTests.swift in Sources */,
				D5B6AAA6FB2068DA9C581027 /* ArticleParagraphTranslationViewModelTests.swift in Sources */,
				20643C2F7760355981781BD2 /* KeychainTests.swift in Sources */,
				491E1342453B5EDE127ED418 /* LLMServiceTests.swift in Sources */,
				908CFE01C97DBB74BB4A0C1C /* MaiMemoServiceTests.swift in Sources */,
				2AF9468B766CD79D844AF36B /* SettingsConnectionDiagnosticsViewModelTests.swift in Sources */,
				CBD6EE9FD251D62DF0701955 /* SettingsStoreTests.swift in Sources */,
				FBA4D211A8C4ADA9DD6D7DB6 /* TodayViewModelTests.swift in Sources */,
				8710CDFEAD016D806812BDBB /* VocabReaderTests.swift in Sources */,
				CF4368AB2851A54530C891AD /* WordDetailViewModelTests.swift in Sources */,
				156A8D4DD535DAC789FED3E4 /* WordTranslatorServiceTests.swift in Sources */,
			);
			runOnlyForDeploymentPostprocessing = 0;
		};
/* End PBXSourcesBuildPhase section */

/* Begin PBXTargetDependency section */
		46C62BB03E3CC0E8EEE8D97D /* PBXTargetDependency */ = {
			isa = PBXTargetDependency;
			target = 0DA60D5534878D301A3C557A /* VocabReader */;
			targetProxy = 39E20A1EAE6E0C72263BBFF6 /* PBXContainerItemProxy */;
		};
/* End PBXTargetDependency section */

/* Begin XCBuildConfiguration section */
		216AD0C354E53F92370F42CF /* Release */ = {
			isa = XCBuildConfiguration;
			buildSettings = {
				ASSETCATALOG_COMPILER_APPICON_NAME = AppIcon;
				CODE_SIGN_IDENTITY = "iPhone Developer";
				INFOPLIST_FILE = VocabReader/Info.plist;
				LD_RUNPATH_SEARCH_PATHS = (
					"$(inherited)",
					"@executable_path/Frameworks",
				);
				PRODUCT_BUNDLE_IDENTIFIER = com.vocabreader.app;
				SDKROOT = iphoneos;
				TARGETED_DEVICE_FAMILY = "1,2";
			};
			name = Release;
		};
		2F4EA0000A0DCC2239C3E860 /* Release */ = {
			isa = XCBuildConfiguration;
			buildSettings = {
				BUNDLE_LOADER = "$(TEST_HOST)";
				GENERATE_INFOPLIST_FILE = YES;
				LD_RUNPATH_SEARCH_PATHS = (
					"$(inherited)",
					"@executable_path/Frameworks",
					"@loader_path/Frameworks",
				);
				PRODUCT_BUNDLE_IDENTIFIER = com.vocabreader.tests;
				SDKROOT = iphoneos;
				TARGETED_DEVICE_FAMILY = "1,2";
				TEST_HOST = "$(BUILT_PRODUCTS_DIR)/VocabReader.app/$(BUNDLE_EXECUTABLE_FOLDER_PATH)/VocabReader";
			};
			name = Release;
		};
		7FD1B41A278051F0626E956E /* Release */ = {
			isa = XCBuildConfiguration;
			buildSettings = {
				ALWAYS_SEARCH_USER_PATHS = NO;
				CLANG_ANALYZER_NONNULL = YES;
				CLANG_ANALYZER_NUMBER_OBJECT_CONVERSION = YES_AGGRESSIVE;
				CLANG_CXX_LANGUAGE_STANDARD = "gnu++14";
				CLANG_CXX_LIBRARY = "libc++";
				CLANG_ENABLE_MODULES = YES;
				CLANG_ENABLE_OBJC_ARC = YES;
				CLANG_ENABLE_OBJC_WEAK = YES;
				CLANG_WARN_BLOCK_CAPTURE_AUTORELEASING = YES;
				CLANG_WARN_BOOL_CONVERSION = YES;
				CLANG_WARN_COMMA = YES;
				CLANG_WARN_CONSTANT_CONVERSION = YES;
				CLANG_WARN_DEPRECATED_OBJC_IMPLEMENTATIONS = YES;
				CLANG_WARN_DIRECT_OBJC_ISA_USAGE = YES_ERROR;
				CLANG_WARN_DOCUMENTATION_COMMENTS = YES;
				CLANG_WARN_EMPTY_BODY = YES;
				CLANG_WARN_ENUM_CONVERSION = YES;
				CLANG_WARN_INFINITE_RECURSION = YES;
				CLANG_WARN_INT_CONVERSION = YES;
				CLANG_WARN_NON_LITERAL_NULL_CONVERSION = YES;
				CLANG_WARN_OBJC_IMPLICIT_RETAIN_SELF = YES;
				CLANG_WARN_OBJC_LITERAL_CONVERSION = YES;
				CLANG_WARN_OBJC_ROOT_CLASS = YES_ERROR;
				CLANG_WARN_QUOTED_INCLUDE_IN_FRAMEWORK_HEADER = YES;
				CLANG_WARN_RANGE_LOOP_ANALYSIS = YES;
				CLANG_WARN_STRICT_PROTOTYPES = YES;
				CLANG_WARN_SUSPICIOUS_MOVE = YES;
				CLANG_WARN_UNGUARDED_AVAILABILITY = YES_AGGRESSIVE;
				CLANG_WARN_UNREACHABLE_CODE = YES;
				CLANG_WARN__DUPLICATE_METHOD_MATCH = YES;
				COPY_PHASE_STRIP = NO;
				DEBUG_INFORMATION_FORMAT = "dwarf-with-dsym";
				ENABLE_NS_ASSERTIONS = NO;
				ENABLE_STRICT_OBJC_MSGSEND = YES;
				ENABLE_TESTING_SEARCH_PATHS = YES;
				GCC_C_LANGUAGE_STANDARD = gnu11;
				GCC_NO_COMMON_BLOCKS = YES;
				GCC_WARN_64_TO_32_BIT_CONVERSION = YES;
				GCC_WARN_ABOUT_RETURN_TYPE = YES_ERROR;
				GCC_WARN_UNDECLARED_SELECTOR = YES;
				GCC_WARN_UNINITIALIZED_AUTOS = YES_AGGRESSIVE;
				GCC_WARN_UNUSED_FUNCTION = YES;
				GCC_WARN_UNUSED_VARIABLE = YES;
				IPHONEOS_DEPLOYMENT_TARGET = 17.0;
				MTL_ENABLE_DEBUG_INFO = NO;
				MTL_FAST_MATH = YES;
				PRODUCT_NAME = "$(TARGET_NAME)";
				SDKROOT = iphoneos;
				SWIFT_COMPILATION_MODE = wholemodule;
				SWIFT_OPTIMIZATION_LEVEL = "-O";
				SWIFT_VERSION = 5.9;
			};
			name = Release;
		};
		B4F57DC3AC2243AF258D053F /* Debug */ = {
			isa = XCBuildConfiguration;
			buildSettings = {
				ALWAYS_SEARCH_USER_PATHS = NO;
				CLANG_ANALYZER_NONNULL = YES;
				CLANG_ANALYZER_NUMBER_OBJECT_CONVERSION = YES_AGGRESSIVE;
				CLANG_CXX_LANGUAGE_STANDARD = "gnu++14";
				CLANG_CXX_LIBRARY = "libc++";
				CLANG_ENABLE_MODULES = YES;
				CLANG_ENABLE_OBJC_ARC = YES;
				CLANG_ENABLE_OBJC_WEAK = YES;
				CLANG_WARN_BLOCK_CAPTURE_AUTORELEASING = YES;
				CLANG_WARN_BOOL_CONVERSION = YES;
				CLANG_WARN_COMMA = YES;
				CLANG_WARN_CONSTANT_CONVERSION = YES;
				CLANG_WARN_DEPRECATED_OBJC_IMPLEMENTATIONS = YES;
				CLANG_WARN_DIRECT_OBJC_ISA_USAGE = YES_ERROR;
				CLANG_WARN_DOCUMENTATION_COMMENTS = YES;
				CLANG_WARN_EMPTY_BODY = YES;
				CLANG_WARN_ENUM_CONVERSION = YES;
				CLANG_WARN_INFINITE_RECURSION = YES;
				CLANG_WARN_INT_CONVERSION = YES;
				CLANG_WARN_NON_LITERAL_NULL_CONVERSION = YES;
				CLANG_WARN_OBJC_IMPLICIT_RETAIN_SELF = YES;
				CLANG_WARN_OBJC_LITERAL_CONVERSION = YES;
				CLANG_WARN_OBJC_ROOT_CLASS = YES_ERROR;
				CLANG_WARN_QUOTED_INCLUDE_IN_FRAMEWORK_HEADER = YES;
				CLANG_WARN_RANGE_LOOP_ANALYSIS = YES;
				CLANG_WARN_STRICT_PROTOTYPES = YES;
				CLANG_WARN_SUSPICIOUS_MOVE = YES;
				CLANG_WARN_UNGUARDED_AVAILABILITY = YES_AGGRESSIVE;
				CLANG_WARN_UNREACHABLE_CODE = YES;
				CLANG_WARN__DUPLICATE_METHOD_MATCH = YES;
				COPY_PHASE_STRIP = NO;
				DEBUG_INFORMATION_FORMAT = dwarf;
				ENABLE_STRICT_OBJC_MSGSEND = YES;
				ENABLE_TESTABILITY = YES;
				ENABLE_TESTING_SEARCH_PATHS = YES;
				GCC_C_LANGUAGE_STANDARD = gnu11;
				GCC_DYNAMIC_NO_PIC = NO;
				GCC_NO_COMMON_BLOCKS = YES;
				GCC_OPTIMIZATION_LEVEL = 0;
				GCC_PREPROCESSOR_DEFINITIONS = (
					"$(inherited)",
					"DEBUG=1",
				);
				GCC_WARN_64_TO_32_BIT_CONVERSION = YES;
				GCC_WARN_ABOUT_RETURN_TYPE = YES_ERROR;
				GCC_WARN_UNDECLARED_SELECTOR = YES;
				GCC_WARN_UNINITIALIZED_AUTOS = YES_AGGRESSIVE;
				GCC_WARN_UNUSED_FUNCTION = YES;
				GCC_WARN_UNUSED_VARIABLE = YES;
				IPHONEOS_DEPLOYMENT_TARGET = 17.0;
				MTL_ENABLE_DEBUG_INFO = INCLUDE_SOURCE;
				MTL_FAST_MATH = YES;
				ONLY_ACTIVE_ARCH = YES;
				PRODUCT_NAME = "$(TARGET_NAME)";
				SDKROOT = iphoneos;
				SWIFT_ACTIVE_COMPILATION_CONDITIONS = DEBUG;
				SWIFT_OPTIMIZATION_LEVEL = "-Onone";
				SWIFT_VERSION = 5.9;
			};
			name = Debug;
		};
		C872019E04A21C4EAC44DA2F /* Debug */ = {
			isa = XCBuildConfiguration;
			buildSettings = {
				BUNDLE_LOADER = "$(TEST_HOST)";
				GENERATE_INFOPLIST_FILE = YES;
				LD_RUNPATH_SEARCH_PATHS = (
					"$(inherited)",
					"@executable_path/Frameworks",
					"@loader_path/Frameworks",
				);
				PRODUCT_BUNDLE_IDENTIFIER = com.vocabreader.tests;
				SDKROOT = iphoneos;
				TARGETED_DEVICE_FAMILY = "1,2";
				TEST_HOST = "$(BUILT_PRODUCTS_DIR)/VocabReader.app/$(BUNDLE_EXECUTABLE_FOLDER_PATH)/VocabReader";
			};
			name = Debug;
		};
		F329127A9266EE1A7DF4C89E /* Debug */ = {
			isa = XCBuildConfiguration;
			buildSettings = {
				ASSETCATALOG_COMPILER_APPICON_NAME = AppIcon;
				CODE_SIGN_IDENTITY = "iPhone Developer";
				INFOPLIST_FILE = VocabReader/Info.plist;
				LD_RUNPATH_SEARCH_PATHS = (
					"$(inherited)",
					"@executable_path/Frameworks",
				);
				PRODUCT_BUNDLE_IDENTIFIER = com.vocabreader.app;
				SDKROOT = iphoneos;
				TARGETED_DEVICE_FAMILY = "1,2";
			};
			name = Debug;
		};
/* End XCBuildConfiguration section */

/* Begin XCConfigurationList section */
		8DAB2780AAC224480E7B20B3 /* Build configuration list for PBXNativeTarget "VocabReaderTests" */ = {
			isa = XCConfigurationList;
			buildConfigurations = (
				C872019E04A21C4EAC44DA2F /* Debug */,
				2F4EA0000A0DCC2239C3E860 /* Release */,
			);
			defaultConfigurationIsVisible = 0;
			defaultConfigurationName = Debug;
		};
		A741F5B788E878604BBEE071 /* Build configuration list for PBXProject "VocabReader" */ = {
			isa = XCConfigurationList;
			buildConfigurations = (
				B4F57DC3AC2243AF258D053F /* Debug */,
				7FD1B41A278051F0626E956E /* Release */,
			);
			defaultConfigurationIsVisible = 0;
			defaultConfigurationName = Debug;
		};
		F38AEF157689D026541018AE /* Build configuration list for PBXNativeTarget "VocabReader" */ = {
			isa = XCConfigurationList;
			buildConfigurations = (
				F329127A9266EE1A7DF4C89E /* Debug */,
				216AD0C354E53F92370F42CF /* Release */,
			);
			defaultConfigurationIsVisible = 0;
			defaultConfigurationName = Debug;
		};
/* End XCConfigurationList section */
	};
	rootObject = 8BBABCE8EBD436DC3308A6BA /* Project object */;
}
