// !$*UTF8*$!
{
	archiveVersion = 1;
	classes = {
	};
	objectVersion = 77;
	objects = {

/* Begin PBXBuildFile section */
		295797B43118633453F26F3B /* VocabWord.swift in Sources */ = {isa = PBXBuildFile; fileRef = 21AE130B2D4550AC2713076C /* VocabWord.swift */; };
		8710CDFEAD016D806812BDBB /* VocabReaderTests.swift in Sources */ = {isa = PBXBuildFile; fileRef = 0135BEC1FC11DD7D6E988848 /* VocabReaderTests.swift */; };
		87407CA53793046DB2BAD28D /* VocabReaderApp.swift in Sources */ = {isa = PBXBuildFile; fileRef = CB19BA7AB5BAB76CBC126E65 /* VocabReaderApp.swift */; };
		C1C62EECC0486B33BAE72404 /* ArticleScene.swift in Sources */ = {isa = PBXBuildFile; fileRef = 953ED79C948B09D4A7938718 /* ArticleScene.swift */; };
		CA57B60AC6AE6D2E03347DFA /* Article.swift in Sources */ = {isa = PBXBuildFile; fileRef = 588DF7FC3C78B7F1F47A0763 /* Article.swift */; };
/* End PBXBuildFile section */

/* Begin PBXContainerItemProxy section */
		39E20A1EAE6E0C72263BBFF6 /* PBXContainerItemProxy */ = {
			isa = PBXContainerItemProxy;
			containerPortal = 8BBABCE8EBD436DC3308A6BA /* Project object */;
			proxyType = 1;
			remoteGlobalIDString = 0DA60D5534878D301A3C557A;
			remoteInfo = VocabReader;
		};
/* End PBXContainerItemProxy section */

/* Begin PBXFileReference section */
		0135BEC1FC11DD7D6E988848 /* VocabReaderTests.swift */ = {isa = PBXFileReference; lastKnownFileType = sourcecode.swift; path = VocabReaderTests.swift; sourceTree = "<group>"; };
		21AE130B2D4550AC2713076C /* VocabWord.swift */ = {isa = PBXFileReference; lastKnownFileType = sourcecode.swift; path = VocabWord.swift; sourceTree = "<group>"; };
		2F40F523ECD3BD0C4005CE9E /* VocabReaderTests.xctest */ = {isa = PBXFileReference; includeInIndex = 0; lastKnownFileType = wrapper.cfbundle; path = VocabReaderTests.xctest; sourceTree = BUILT_PRODUCTS_DIR; };
		588DF7FC3C78B7F1F47A0763 /* Article.swift */ = {isa = PBXFileReference; lastKnownFileType = sourcecode.swift; path = Article.swift; sourceTree = "<group>"; };
		80917AFAE6D77CD66C0A04B1 /* Info.plist */ = {isa = PBXFileReference; lastKnownFileType = text.plist; path = Info.plist; sourceTree = "<group>"; };
		953ED79C948B09D4A7938718 /* ArticleScene.swift */ = {isa = PBXFileReference; lastKnownFileType = sourcecode.swift; path = ArticleScene.swift; sourceTree = "<group>"; };
		98F939BADEF8F2F1F4E1D43B /* VocabReader.app */ = {isa = PBXFileReference; includeInIndex = 0; lastKnownFileType = wrapper.application; path = VocabReader.app; sourceTree = BUILT_PRODUCTS_DIR; };
		CB19BA7AB5BAB76CBC126E65 /* VocabReaderApp.swift */ = {isa = PBXFileReference; lastKnownFileType = sourcecode.swift; path = VocabReaderApp.swift; sourceTree = "<group>"; };
/* End PBXFileReference section */

/* Begin PBXGroup section */
		445AA8589BF1A1ADC900F0DF /* VocabReaderTests */ = {
			isa = PBXGroup;
			children = (
				0135BEC1FC11DD7D6E988848 /* VocabReaderTests.swift */,
			);
			path = VocabReaderTests;
			sourceTree = "<group>";
		};
		68AF1CB0CA60102CD19A28AA /* Models */ = {
			isa = PBXGroup;
			children = (
				588DF7FC3C78B7F1F47A0763 /* Article.swift */,
				953ED79C948B09D4A7938718 /* ArticleScene.swift */,
				21AE130B2D4550AC2713076C /* VocabWord.swift */,
			);
			path = Models;
			sourceTree = "<group>";
		};
		7DE562ABB13F09F47251E6B1 /* VocabReader */ = {
			isa = PBXGroup;
			children = (
				80917AFAE6D77CD66C0A04B1 /* Info.plist */,
				CB19BA7AB5BAB76CBC126E65 /* VocabReaderApp.swift */,
				68AF1CB0CA60102CD19A28AA /* Models */,
			);
			path = VocabReader;
			sourceTree = "<group>";
		};
		BA385CCEFD8F6F4D1D50801A = {
			isa = PBXGroup;
			children = (
				7DE562ABB13F09F47251E6B1 /* VocabReader */,
				445AA8589BF1A1ADC900F0DF /* VocabReaderTests */,
				C5502C5371FE7EF8F31C76EB /* Products */,
			);
			sourceTree = "<group>";
		};
		C5502C5371FE7EF8F31C76EB /* Products */ = {
			isa = PBXGroup;
			children = (
				98F939BADEF8F2F1F4E1D43B /* VocabReader.app */,
				2F40F523ECD3BD0C4005CE9E /* VocabReaderTests.xctest */,
			);
			name = Products;
			sourceTree = "<group>";
		};
/* End PBXGroup section */

/* Begin PBXNativeTarget section */
		0DA60D5534878D301A3C557A /* VocabReader */ = {
			isa = PBXNativeTarget;
			buildConfigurationList = F38AEF157689D026541018AE /* Build configuration list for PBXNativeTarget "VocabReader" */;
			buildPhases = (
				3A4F9F4C889946A19585DFE5 /* Sources */,
			);
			buildRules = (
			);
			dependencies = (
			);
			name = VocabReader;
			packageProductDependencies = (
			);
			productName = VocabReader;
			productReference = 98F939BADEF8F2F1F4E1D43B /* VocabReader.app */;
			productType = "com.apple.product-type.application";
		};
		4586BDB89D4E158BA824055C /* VocabReaderTests */ = {
			isa = PBXNativeTarget;
			buildConfigurationList = 8DAB2780AAC224480E7B20B3 /* Build configuration list for PBXNativeTarget "VocabReaderTests" */;
			buildPhases = (
				7679BFBE6DAF4112D70F4BAD /* Sources */,
			);
			buildRules = (
			);
			dependencies = (
				46C62BB03E3CC0E8EEE8D97D /* PBXTargetDependency */,
			);
			name = VocabReaderTests;
			packageProductDependencies = (
			);
			productName = VocabReaderTests;
			productReference = 2F40F523ECD3BD0C4005CE9E /* VocabReaderTests.xctest */;
			productType = "com.apple.product-type.bundle.unit-test";
		};
/* End PBXNativeTarget section */

/* Begin PBXProject section */
		8BBABCE8EBD436DC3308A6BA /* Project object */ = {
			isa = PBXProject;
			attributes = {
				BuildIndependentTargetsInParallel = YES;
				LastUpgradeCheck = 1600;
				TargetAttributes = {
				};
			};
			buildConfigurationList = A741F5B788E878604BBEE071 /* Build configuration list for PBXProject "VocabReader" */;
			developmentRegion = en;
			hasScannedForEncodings = 0;
			knownRegions = (
				Base,
				en,
			);
			mainGroup = BA385CCEFD8F6F4D1D50801A;
			minimizedProjectReferenceProxies = 1;
			preferredProjectObjectVersion = 77;
			productRefGroup = C5502C5371FE7EF8F31C76EB /* Products */;
			projectDirPath = "";
			projectRoot = "";
			targets = (
				0DA60D5534878D301A3C557A /* VocabReader */,
				4586BDB89D4E158BA824055C /* VocabReaderTests */,
			);
		};
/* End PBXProject section */

/* Begin PBXSourcesBuildPhase section */
		3A4F9F4C889946A19585DFE5 /* Sources */ = {
			isa = PBXSourcesBuildPhase;
			buildActionMask = 2147483647;
			files = (
				CA57B60AC6AE6D2E03347DFA /* Article.swift in Sources */,
				C1C62EECC0486B33BAE72404 /* ArticleScene.swift in Sources */,
				87407CA53793046DB2BAD28D /* VocabReaderApp.swift in Sources */,
				295797B43118633453F26F3B /* VocabWord.swift in Sources */,
			);
			runOnlyForDeploymentPostprocessing = 0;
		};
		7679BFBE6DAF4112D70F4BAD /* Sources */ = {
			isa = PBXSourcesBuildPhase;
			buildActionMask = 2147483647;
			files = (
				8710CDFEAD016D806812BDBB /* VocabReaderTests.swift in Sources */,
			);
			runOnlyForDeploymentPostprocessing = 0;
		};
/* End PBXSourcesBuildPhase section */

/* Begin PBXTargetDependency section */
		46C62BB03E3CC0E8EEE8D97D /* PBXTargetDependency */ = {
			isa = PBXTargetDependency;
			target = 0DA60D5534878D301A3C557A /* VocabReader */;
			targetProxy = 39E20A1EAE6E0C72263BBFF6 /* PBXContainerItemProxy */;
		};
/* End PBXTargetDependency section */

/* Begin XCBuildConfiguration section */
		216AD0C354E53F92370F42CF /* Release */ = {
			isa = XCBuildConfiguration;
			buildSettings = {
				ASSETCATALOG_COMPILER_APPICON_NAME = AppIcon;
				CODE_SIGN_IDENTITY = "iPhone Developer";
				INFOPLIST_FILE = VocabReader/Info.plist;
				LD_RUNPATH_SEARCH_PATHS = (
					"$(inherited)",
					"@executable_path/Frameworks",
				);
				PRODUCT_BUNDLE_IDENTIFIER = com.vocabreader.app;
				SDKROOT = iphoneos;
				TARGETED_DEVICE_FAMILY = "1,2";
			};
			name = Release;
		};
		2F4EA0000A0DCC2239C3E860 /* Release */ = {
			isa = XCBuildConfiguration;
			buildSettings = {
				BUNDLE_LOADER = "$(TEST_HOST)";
				LD_RUNPATH_SEARCH_PATHS = (
					"$(inherited)",
					"@executable_path/Frameworks",
					"@loader_path/Frameworks",
				);
				PRODUCT_BUNDLE_IDENTIFIER = com.vocabreader.tests;
				SDKROOT = iphoneos;
				TARGETED_DEVICE_FAMILY = "1,2";
				TEST_HOST = "$(BUILT_PRODUCTS_DIR)/VocabReader.app/$(BUNDLE_EXECUTABLE_FOLDER_PATH)/VocabReader";
			};
			name = Release;
		};
		7FD1B41A278051F0626E956E /* Release */ = {
			isa = XCBuildConfiguration;
			buildSettings = {
				ALWAYS_SEARCH_USER_PATHS = NO;
				CLANG_ANALYZER_NONNULL = YES;
				CLANG_ANALYZER_NUMBER_OBJECT_CONVERSION = YES_AGGRESSIVE;
				CLANG_CXX_LANGUAGE_STANDARD = "gnu++14";
				CLANG_CXX_LIBRARY = "libc++";
				CLANG_ENABLE_MODULES = YES;
				CLANG_ENABLE_OBJC_ARC = YES;
				CLANG_ENABLE_OBJC_WEAK = YES;
				CLANG_WARN_BLOCK_CAPTURE_AUTORELEASING = YES;
				CLANG_WARN_BOOL_CONVERSION = YES;
				CLANG_WARN_COMMA = YES;
				CLANG_WARN_CONSTANT_CONVERSION = YES;
				CLANG_WARN_DEPRECATED_OBJC_IMPLEMENTATIONS = YES;
				CLANG_WARN_DIRECT_OBJC_ISA_USAGE = YES_ERROR;
				CLANG_WARN_DOCUMENTATION_COMMENTS = YES;
				CLANG_WARN_EMPTY_BODY = YES;
				CLANG_WARN_ENUM_CONVERSION = YES;
				CLANG_WARN_INFINITE_RECURSION = YES;
				CLANG_WARN_INT_CONVERSION = YES;
				CLANG_WARN_NON_LITERAL_NULL_CONVERSION = YES;
				CLANG_WARN_OBJC_IMPLICIT_RETAIN_SELF = YES;
				CLANG_WARN_OBJC_LITERAL_CONVERSION = YES;
				CLANG_WARN_OBJC_ROOT_CLASS = YES_ERROR;
				CLANG_WARN_QUOTED_INCLUDE_IN_FRAMEWORK_HEADER = YES;
				CLANG_WARN_RANGE_LOOP_ANALYSIS = YES;
				CLANG_WARN_STRICT_PROTOTYPES = YES;
				CLANG_WARN_SUSPICIOUS_MOVE = YES;
				CLANG_WARN_UNGUARDED_AVAILABILITY = YES_AGGRESSIVE;
				CLANG_WARN_UNREACHABLE_CODE = YES;
				CLANG_WARN__DUPLICATE_METHOD_MATCH = YES;
				COPY_PHASE_STRIP = NO;
				DEBUG_INFORMATION_FORMAT = "dwarf-with-dsym";
				ENABLE_NS_ASSERTIONS = NO;
				ENABLE_STRICT_OBJC_MSGSEND = YES;
				ENABLE_TESTING_SEARCH_PATHS = YES;
				GCC_C_LANGUAGE_STANDARD = gnu11;
				GCC_NO_COMMON_BLOCKS = YES;
				GCC_WARN_64_TO_32_BIT_CONVERSION = YES;
				GCC_WARN_ABOUT_RETURN_TYPE = YES_ERROR;
				GCC_WARN_UNDECLARED_SELECTOR = YES;
				GCC_WARN_UNINITIALIZED_AUTOS = YES_AGGRESSIVE;
				GCC_WARN_UNUSED_FUNCTION = YES;
				GCC_WARN_UNUSED_VARIABLE = YES;
				IPHONEOS_DEPLOYMENT_TARGET = 17.0;
				MTL_ENABLE_DEBUG_INFO = NO;
				MTL_FAST_MATH = YES;
				PRODUCT_NAME = "$(TARGET_NAME)";
				SDKROOT = iphoneos;
				SWIFT_COMPILATION_MODE = wholemodule;
				SWIFT_OPTIMIZATION_LEVEL = "-O";
				SWIFT_VERSION = 5.9;
			};
			name = Release;
		};
		B4F57DC3AC2243AF258D053F /* Debug */ = {
			isa = XCBuildConfiguration;
			buildSettings = {
				ALWAYS_SEARCH_USER_PATHS = NO;
				CLANG_ANALYZER_NONNULL = YES;
				CLANG_ANALYZER_NUMBER_OBJECT_CONVERSION = YES_AGGRESSIVE;
				CLANG_CXX_LANGUAGE_STANDARD = "gnu++14";
				CLANG_CXX_LIBRARY = "libc++";
				CLANG_ENABLE_MODULES = YES;
				CLANG_ENABLE_OBJC_ARC = YES;
				CLANG_ENABLE_OBJC_WEAK = YES;
				CLANG_WARN_BLOCK_CAPTURE_AUTORELEASING = YES;
				CLANG_WARN_BOOL_CONVERSION = YES;
				CLANG_WARN_COMMA = YES;
				CLANG_WARN_CONSTANT_CONVERSION = YES;
				CLANG_WARN_DEPRECATED_OBJC_IMPLEMENTATIONS = YES;
				CLANG_WARN_DIRECT_OBJC_ISA_USAGE = YES_ERROR;
				CLANG_WARN_DOCUMENTATION_COMMENTS = YES;
				CLANG_WARN_EMPTY_BODY = YES;
				CLANG_WARN_ENUM_CONVERSION = YES;
				CLANG_WARN_INFINITE_RECURSION = YES;
				CLANG_WARN_INT_CONVERSION = YES;
				CLANG_WARN_NON_LITERAL_NULL_CONVERSION = YES;
				CLANG_WARN_OBJC_IMPLICIT_RETAIN_SELF = YES;
				CLANG_WARN_OBJC_LITERAL_CONVERSION = YES;
				CLANG_WARN_OBJC_ROOT_CLASS = YES_ERROR;
				CLANG_WARN_QUOTED_INCLUDE_IN_FRAMEWORK_HEADER = YES;
				CLANG_WARN_RANGE_LOOP_ANALYSIS = YES;
				CLANG_WARN_STRICT_PROTOTYPES = YES;
				CLANG_WARN_SUSPICIOUS_MOVE = YES;
				CLANG_WARN_UNGUARDED_AVAILABILITY = YES_AGGRESSIVE;
				CLANG_WARN_UNREACHABLE_CODE = YES;
				CLANG_WARN__DUPLICATE_METHOD_MATCH = YES;
				COPY_PHASE_STRIP = NO;
				DEBUG_INFORMATION_FORMAT = dwarf;
				ENABLE_STRICT_OBJC_MSGSEND = YES;
				ENABLE_TESTABILITY = YES;
				ENABLE_TESTING_SEARCH_PATHS = YES;
				GCC_C_LANGUAGE_STANDARD = gnu11;
				GCC_DYNAMIC_NO_PIC = NO;
				GCC_NO_COMMON_BLOCKS = YES;
				GCC_OPTIMIZATION_LEVEL = 0;
				GCC_PREPROCESSOR_DEFINITIONS = (
					"$(inherited)",
					"DEBUG=1",
				);
				GCC_WARN_64_TO_32_BIT_CONVERSION = YES;
				GCC_WARN_ABOUT_RETURN_TYPE = YES_ERROR;
				GCC_WARN_UNDECLARED_SELECTOR = YES;
				GCC_WARN_UNINITIALIZED_AUTOS = YES_AGGRESSIVE;
				GCC_WARN_UNUSED_FUNCTION = YES;
				GCC_WARN_UNUSED_VARIABLE = YES;
				IPHONEOS_DEPLOYMENT_TARGET = 17.0;
				MTL_ENABLE_DEBUG_INFO = INCLUDE_SOURCE;
				MTL_FAST_MATH = YES;
				ONLY_ACTIVE_ARCH = YES;
				PRODUCT_NAME = "$(TARGET_NAME)";
				SDKROOT = iphoneos;
				SWIFT_ACTIVE_COMPILATION_CONDITIONS = DEBUG;
				SWIFT_OPTIMIZATION_LEVEL = "-Onone";
				SWIFT_VERSION = 5.9;
			};
			name = Debug;
		};
		C872019E04A21C4EAC44DA2F /* Debug */ = {
			isa = XCBuildConfiguration;
			buildSettings = {
				BUNDLE_LOADER = "$(TEST_HOST)";
				LD_RUNPATH_SEARCH_PATHS = (
					"$(inherited)",
					"@executable_path/Frameworks",
					"@loader_path/Frameworks",
				);
				PRODUCT_BUNDLE_IDENTIFIER = com.vocabreader.tests;
				SDKROOT = iphoneos;
				TARGETED_DEVICE_FAMILY = "1,2";
				TEST_HOST = "$(BUILT_PRODUCTS_DIR)/VocabReader.app/$(BUNDLE_EXECUTABLE_FOLDER_PATH)/VocabReader";
			};
			name = Debug;
		};
		F329127A9266EE1A7DF4C89E /* Debug */ = {
			isa = XCBuildConfiguration;
			buildSettings = {
				ASSETCATALOG_COMPILER_APPICON_NAME = AppIcon;
				CODE_SIGN_IDENTITY = "iPhone Developer";
				INFOPLIST_FILE = VocabReader/Info.plist;
				LD_RUNPATH_SEARCH_PATHS = (
					"$(inherited)",
					"@executable_path/Frameworks",
				);
				PRODUCT_BUNDLE_IDENTIFIER = com.vocabreader.app;
				SDKROOT = iphoneos;
				TARGETED_DEVICE_FAMILY = "1,2";
			};
			name = Debug;
		};
/* End XCBuildConfiguration section */

/* Begin XCConfigurationList section */
		8DAB2780AAC224480E7B20B3 /* Build configuration list for PBXNativeTarget "VocabReaderTests" */ = {
			isa = XCConfigurationList;
			buildConfigurations = (
				C872019E04A21C4EAC44DA2F /* Debug */,
				2F4EA0000A0DCC2239C3E860 /* Release */,
			);
			defaultConfigurationIsVisible = 0;
			defaultConfigurationName = Debug;
		};
		A741F5B788E878604BBEE071 /* Build configuration list for PBXProject "VocabReader" */ = {
			isa = XCConfigurationList;
			buildConfigurations = (
				B4F57DC3AC2243AF258D053F /* Debug */,
				7FD1B41A278051F0626E956E /* Release */,
			);
			defaultConfigurationIsVisible = 0;
			defaultConfigurationName = Debug;
		};
		F38AEF157689D026541018AE /* Build configuration list for PBXNativeTarget "VocabReader" */ = {
			isa = XCConfigurationList;
			buildConfigurations = (
				F329127A9266EE1A7DF4C89E /* Debug */,
				216AD0C354E53F92370F42CF /* Release */,
			);
			defaultConfigurationIsVisible = 0;
			defaultConfigurationName = Debug;
		};
/* End XCConfigurationList section */
	};
	rootObject = 8BBABCE8EBD436DC3308A6BA /* Project object */;
}
